
Microsoft Visual Studio Solution File, Format Version 12.00
# Visual Studio Version 16
VisualStudioVersion = 16.0.29215.179
MinimumVisualStudioVersion = 10.0.40219.1
Project("{9A19103F-16F7-4668-BE54-9A1E7A4F7556}") = "NCode.QuerySpecifications", "NCode.QuerySpecifications\NCode.QuerySpecifications.csproj", "{175033CE-623A-4CEE-BE53-F17FD342075C}"
EndProject
Project("{9A19103F-16F7-4668-BE54-9A1E7A4F7556}") = "NCode.QuerySpecifications.EntityFrameworkCore", "NCode.QuerySpecifications.EntityFrameworkCore\NCode.QuerySpecifications.EntityFrameworkCore.csproj", "{D3D59454-E2EC-4E10-8621-7EFCAE606603}"
EndProject
Project("{9A19103F-16F7-4668-BE54-9A1E7A4F7556}") = "NCode.QuerySpecifications.Builder", "NCode.QuerySpecifications.Builder\NCode.QuerySpecifications.Builder.csproj", "{2D7D7AFF-1220-45EB-A8AD-7375A3C60920}"
EndProject
Project("{9A19103F-16F7-4668-BE54-9A1E7A4F7556}") = "NCode.QuerySpecifications.EntityFrameworkCore.Builder", "NCode.QuerySpecifications.EntityFrameworkCore.Builder\NCode.QuerySpecifications.EntityFrameworkCore.Builder.csproj", "{E8248CA2-06AB-48B9-A2E6-703FD5C9AFD0}"
EndProject
Project("{FAE04EC0-301F-11D3-BF4B-00C04F79EFBC}") = "NCode.QuerySpecifications.EntityFrameworkCore.Builder.Tests", "NCode.QuerySpecifications.EntityFrameworkCore.Builder.Tests\NCode.QuerySpecifications.EntityFrameworkCore.Builder.Tests.csproj", "{9F0E274B-4208-409F-90AB-BC401E924584}"
EndProject
Global
	GlobalSection(SolutionConfigurationPlatforms) = preSolution
		Debug|Any CPU = Debug|Any CPU
		Release|Any CPU = Release|Any CPU
	EndGlobalSection
	GlobalSection(ProjectConfigurationPlatforms) = postSolution
		{175033CE-623A-4CEE-BE53-F17FD342075C}.Debug|Any CPU.ActiveCfg = Debug|Any CPU
		{175033CE-623A-4CEE-BE53-F17FD342075C}.Debug|Any CPU.Build.0 = Debug|Any CPU
		{175033CE-623A-4CEE-BE53-F17FD342075C}.Release|Any CPU.ActiveCfg = Release|Any CPU
		{175033CE-623A-4CEE-BE53-F17FD342075C}.Release|Any CPU.Build.0 = Release|Any CPU
		{D3D59454-E2EC-4E10-8621-7EFCAE606603}.Debug|Any CPU.ActiveCfg = Debug|Any CPU
		{D3D59454-E2EC-4E10-8621-7EFCAE606603}.Debug|Any CPU.Build.0 = Debug|Any CPU
		{D3D59454-E2EC-4E10-8621-7EFCAE606603}.Release|Any CPU.ActiveCfg = Release|Any CPU
		{D3D59454-E2EC-4E10-8621-7EFCAE606603}.Release|Any CPU.Build.0 = Release|Any CPU
		{2D7D7AFF-1220-45EB-A8AD-7375A3C60920}.Debug|Any CPU.ActiveCfg = Debug|Any CPU
		{2D7D7AFF-1220-45EB-A8AD-7375A3C60920}.Debug|Any CPU.Build.0 = Debug|Any CPU
		{2D7D7AFF-1220-45EB-A8AD-7375A3C60920}.Release|Any CPU.ActiveCfg = Release|Any CPU
		{2D7D7AFF-1220-45EB-A8AD-7375A3C60920}.Release|Any CPU.Build.0 = Release|Any CPU
		{E8248CA2-06AB-48B9-A2E6-703FD5C9AFD0}.Debug|Any CPU.ActiveCfg = Debug|Any CPU
		{E8248CA2-06AB-48B9-A2E6-703FD5C9AFD0}.Debug|Any CPU.Build.0 = Debug|Any CPU
		{E8248CA2-06AB-48B9-A2E6-703FD5C9AFD0}.Release|Any CPU.ActiveCfg = Release|Any CPU
		{E8248CA2-06AB-48B9-A2E6-703FD5C9AFD0}.Release|Any CPU.Build.0 = Release|Any CPU
		{9F0E274B-4208-409F-90AB-BC401E924584}.Debug|Any CPU.ActiveCfg = Debug|Any CPU
		{9F0E274B-4208-409F-90AB-BC401E924584}.Debug|Any CPU.Build.0 = Debug|Any CPU
		{9F0E274B-4208-409F-90AB-BC401E924584}.Release|Any CPU.ActiveCfg = Release|Any CPU
		{9F0E274B-4208-409F-90AB-BC401E924584}.Release|Any CPU.Build.0 = Release|Any CPU
	EndGlobalSection
	GlobalSection(SolutionProperties) = preSolution
		HideSolutionNode = FALSE
	EndGlobalSection
	GlobalSection(ExtensibilityGlobals) = postSolution
		SolutionGuid = {8237E3F1-2067-4AF3-B7CA-9D8C5935EAAA}
	EndGlobalSection
EndGlobal
